
Microsoft Visual Studio Solution File, Format Version 12.00
# Visual Studio Version 17
VisualStudioVersion = 17.4.33205.214
MinimumVisualStudioVersion = 10.0.40219.1
Project("{FAE04EC0-301F-11D3-BF4B-00C04F79EFBC}") = "Notes.Android", "Notes\Notes.Android\Notes.Android.csproj", "{14E812F0-BE2B-4C85-B7A8-DD2C85538FD6}"
EndProject
Project("{FAE04EC0-301F-11D3-BF4B-00C04F79EFBC}") = "Notes.iOS", "Notes\Notes.iOS\Notes.iOS.csproj", "{728AD6B3-E817-4CA0-BE3E-DF30DE31CDA4}"
EndProject
Project("{FAE04EC0-301F-11D3-BF4B-00C04F79EFBC}") = "Notes", "Notes\Notes\Notes.csproj", "{84CAA42C-8DBD-45EA-8F87-8992D7CCD08B}"
EndProject
Global
	GlobalSection(SolutionConfigurationPlatforms) = preSolution
		Debug|Any CPU = Debug|Any CPU
		Debug|iPhone = Debug|iPhone
		Debug|iPhoneSimulator = Debug|iPhoneSimulator
		Release|Any CPU = Release|Any CPU
		Release|iPhone = Release|iPhone
		Release|iPhoneSimulator = Release|iPhoneSimulator
	EndGlobalSection
	GlobalSection(ProjectConfigurationPlatforms) = postSolution
		{14E812F0-BE2B-4C85-B7A8-DD2C85538FD6}.Debug|Any CPU.ActiveCfg = Debug|Any CPU
		{14E812F0-BE2B-4C85-B7A8-DD2C85538FD6}.Debug|Any CPU.Build.0 = Debug|Any CPU
		{14E812F0-BE2B-4C85-B7A8-DD2C85538FD6}.Debug|Any CPU.Deploy.0 = Debug|Any CPU
		{14E812F0-BE2B-4C85-B7A8-DD2C85538FD6}.Debug|iPhone.ActiveCfg = Debug|Any CPU
		{14E812F0-BE2B-4C85-B7A8-DD2C85538FD6}.Debug|iPhone.Build.0 = Debug|Any CPU
		{14E812F0-BE2B-4C85-B7A8-DD2C85538FD6}.Debug|iPhone.Deploy.0 = Debug|Any CPU
		{14E812F0-BE2B-4C85-B7A8-DD2C85538FD6}.Debug|iPhoneSimulator.ActiveCfg = Debug|Any CPU
		{14E812F0-BE2B-4C85-B7A8-DD2C85538FD6}.Debug|iPhoneSimulator.Build.0 = Debug|Any CPU
		{14E812F0-BE2B-4C85-B7A8-DD2C85538FD6}.Debug|iPhoneSimulator.Deploy.0 = Debug|Any CPU
		{14E812F0-BE2B-4C85-B7A8-DD2C85538FD6}.Release|Any CPU.ActiveCfg = Release|Any CPU
		{14E812F0-BE2B-4C85-B7A8-DD2C85538FD6}.Release|Any CPU.Build.0 = Release|Any CPU
		{14E812F0-BE2B-4C85-B7A8-DD2C85538FD6}.Release|Any CPU.Deploy.0 = Release|Any CPU
		{14E812F0-BE2B-4C85-B7A8-DD2C85538FD6}.Release|iPhone.ActiveCfg = Release|Any CPU
		{14E812F0-BE2B-4C85-B7A8-DD2C85538FD6}.Release|iPhone.Build.0 = Release|Any CPU
		{14E812F0-BE2B-4C85-B7A8-DD2C85538FD6}.Release|iPhone.Deploy.0 = Release|Any CPU
		{14E812F0-BE2B-4C85-B7A8-DD2C85538FD6}.Release|iPhoneSimulator.ActiveCfg = Release|Any CPU
		{14E812F0-BE2B-4C85-B7A8-DD2C85538FD6}.Release|iPhoneSimulator.Build.0 = Release|Any CPU
		{14E812F0-BE2B-4C85-B7A8-DD2C85538FD6}.Release|iPhoneSimulator.Deploy.0 = Release|Any CPU
		{728AD6B3-E817-4CA0-BE3E-DF30DE31CDA4}.Debug|Any CPU.ActiveCfg = Debug|iPhone
		{728AD6B3-E817-4CA0-BE3E-DF30DE31CDA4}.Debug|Any CPU.Build.0 = Debug|iPhone
		{728AD6B3-E817-4CA0-BE3E-DF30DE31CDA4}.Debug|Any CPU.Deploy.0 = Debug|iPhone
		{728AD6B3-E817-4CA0-BE3E-DF30DE31CDA4}.Debug|iPhone.ActiveCfg = Debug|iPhone
		{728AD6B3-E817-4CA0-BE3E-DF30DE31CDA4}.Debug|iPhone.Build.0 = Debug|iPhone
		{728AD6B3-E817-4CA0-BE3E-DF30DE31CDA4}.Debug|iPhone.Deploy.0 = Debug|iPhone
		{728AD6B3-E817-4CA0-BE3E-DF30DE31CDA4}.Debug|iPhoneSimulator.ActiveCfg = Debug|iPhoneSimulator
		{728AD6B3-E817-4CA0-BE3E-DF30DE31CDA4}.Debug|iPhoneSimulator.Build.0 = Debug|iPhoneSimulator
		{728AD6B3-E817-4CA0-BE3E-DF30DE31CDA4}.Debug|iPhoneSimulator.Deploy.0 = Debug|iPhoneSimulator
		{728AD6B3-E817-4CA0-BE3E-DF30DE31CDA4}.Release|Any CPU.ActiveCfg = Release|iPhoneSimulator
		{728AD6B3-E817-4CA0-BE3E-DF30DE31CDA4}.Release|Any CPU.Build.0 = Release|iPhoneSimulator
		{728AD6B3-E817-4CA0-BE3E-DF30DE31CDA4}.Release|Any CPU.Deploy.0 = Release|iPhoneSimulator
		{728AD6B3-E817-4CA0-BE3E-DF30DE31CDA4}.Release|iPhone.ActiveCfg = Release|iPhone
		{728AD6B3-E817-4CA0-BE3E-DF30DE31CDA4}.Release|iPhone.Build.0 = Release|iPhone
		{728AD6B3-E817-4CA0-BE3E-DF30DE31CDA4}.Release|iPhone.Deploy.0 = Release|iPhone
		{728AD6B3-E817-4CA0-BE3E-DF30DE31CDA4}.Release|iPhoneSimulator.ActiveCfg = Release|iPhoneSimulator
		{728AD6B3-E817-4CA0-BE3E-DF30DE31CDA4}.Release|iPhoneSimulator.Build.0 = Release|iPhoneSimulator
		{728AD6B3-E817-4CA0-BE3E-DF30DE31CDA4}.Release|iPhoneSimulator.Deploy.0 = Release|iPhoneSimulator
		{84CAA42C-8DBD-45EA-8F87-8992D7CCD08B}.Debug|Any CPU.ActiveCfg = Debug|Any CPU
		{84CAA42C-8DBD-45EA-8F87-8992D7CCD08B}.Debug|Any CPU.Build.0 = Debug|Any CPU
		{84CAA42C-8DBD-45EA-8F87-8992D7CCD08B}.Debug|Any CPU.Deploy.0 = Debug|Any CPU
		{84CAA42C-8DBD-45EA-8F87-8992D7CCD08B}.Debug|iPhone.ActiveCfg = Debug|Any CPU
		{84CAA42C-8DBD-45EA-8F87-8992D7CCD08B}.Debug|iPhone.Build.0 = Debug|Any CPU
		{84CAA42C-8DBD-45EA-8F87-8992D7CCD08B}.Debug|iPhone.Deploy.0 = Debug|Any CPU
		{84CAA42C-8DBD-45EA-8F87-8992D7CCD08B}.Debug|iPhoneSimulator.ActiveCfg = Debug|Any CPU
		{84CAA42C-8DBD-45EA-8F87-8992D7CCD08B}.Debug|iPhoneSimulator.Build.0 = Debug|Any CPU
		{84CAA42C-8DBD-45EA-8F87-8992D7CCD08B}.Debug|iPhoneSimulator.Deploy.0 = Debug|Any CPU
		{84CAA42C-8DBD-45EA-8F87-8992D7CCD08B}.Release|Any CPU.ActiveCfg = Release|Any CPU
		{84CAA42C-8DBD-45EA-8F87-8992D7CCD08B}.Release|Any CPU.Build.0 = Release|Any CPU
		{84CAA42C-8DBD-45EA-8F87-8992D7CCD08B}.Release|Any CPU.Deploy.0 = Release|Any CPU
		{84CAA42C-8DBD-45EA-8F87-8992D7CCD08B}.Release|iPhone.ActiveCfg = Release|Any CPU
		{84CAA42C-8DBD-45EA-8F87-8992D7CCD08B}.Release|iPhone.Build.0 = Release|Any CPU
		{84CAA42C-8DBD-45EA-8F87-8992D7CCD08B}.Release|iPhone.Deploy.0 = Release|Any CPU
		{84CAA42C-8DBD-45EA-8F87-8992D7CCD08B}.Release|iPhoneSimulator.ActiveCfg = Release|Any CPU
		{84CAA42C-8DBD-45EA-8F87-8992D7CCD08B}.Release|iPhoneSimulator.Build.0 = Release|Any CPU
		{84CAA42C-8DBD-45EA-8F87-8992D7CCD08B}.Release|iPhoneSimulator.Deploy.0 = Release|Any CPU
	EndGlobalSection
	GlobalSection(SolutionProperties) = preSolution
		HideSolutionNode = FALSE
	EndGlobalSection
	GlobalSection(ExtensibilityGlobals) = postSolution
		SolutionGuid = {9DF49B27-91F6-4C3F-907B-65E95076C0D5}
	EndGlobalSection
EndGlobal
